
Microsoft Visual Studio Solution File, Format Version 12.00
# Visual Studio Version 17
VisualStudioVersion = 17.4.33110.190
MinimumVisualStudioVersion = 10.0.40219.1
Project("{FAE04EC0-301F-11D3-BF4B-00C04F79EFBC}") = "Barbershop", "Barbershop.csproj", "{CDF6857C-D9AE-47E2-8E60-19ABA563874A}"
EndProject
Global
	GlobalSection(SolutionConfigurationPlatforms) = preSolution
		Debug|Any CPU = Debug|Any CPU
		Release|Any CPU = Release|Any CPU
	EndGlobalSection
	GlobalSection(ProjectConfigurationPlatforms) = postSolution
		{CDF6857C-D9AE-47E2-8E60-19ABA563874A}.Debug|Any CPU.ActiveCfg = Debug|Any CPU
		{CDF6857C-D9AE-47E2-8E60-19ABA563874A}.Debug|Any CPU.Build.0 = Debug|Any CPU
		{CDF6857C-D9AE-47E2-8E60-19ABA563874A}.Release|Any CPU.ActiveCfg = Release|Any CPU
		{CDF6857C-D9AE-47E2-8E60-19ABA563874A}.Release|Any CPU.Build.0 = Release|Any CPU
	EndGlobalSection
	GlobalSection(SolutionProperties) = preSolution
		HideSolutionNode = FALSE
	EndGlobalSection
	GlobalSection(ExtensibilityGlobals) = postSolution
		SolutionGuid = {3DB6C71C-876E-4E87-9257-95A1E2C8116A}
	EndGlobalSection
EndGlobal
